{
  "name": "site-escrit-rio",
  "version": "1.0.0",
  "lockfileVersion": 3,
  "requires": true,
  "packages": {
    "": {
      "name": "site-escrit-rio",
      "version": "1.0.0",
      "license": "ISC",
      "devDependencies": {
        "@monid-ai/cli": "^0.1.7"
      }
    },
    "node_modules/@monid-ai/cli": {
      "version": "0.1.7",
      "resolved": "https://registry.npmjs.org/@monid-ai/cli/-/cli-0.1.7.tgz",
      "integrity": "sha512-ExBDCMEavydx7O7Nqcjo25sWvHoxCbM+TuluzfM4pKvQtZfCpzSI+zuUDcMCCdeglvPbxLu/tDCNmdUG/7pcUw==",
      "dev": true,
      "license": "MIT",
      "bin": {
        "monid": "dist/index.js"
      },
      "engines": {
        "node": ">=20"
      }
    }
  }
}
