{
  "name": "site-escrit-rio",
  "version": "1.0.0",
  "lockfileVersion": 3,
  "requires": true,
  "packages": {
    "": {
      "name": "site-escrit-rio",
      "version": "1.0.0",
      "license": "ISC",
      "devDependencies": {
        "@higgsfield/cli": "^1.1.25",
        "@monid-ai/cli": "^0.1.7"
      }
    },
    "node_modules/@higgsfield/cli": {
      "version": "1.1.25",
      "resolved": "https://registry.npmjs.org/@higgsfield/cli/-/cli-1.1.25.tgz",
      "integrity": "sha512-r6FtuKWBmLxU/gPAXMb+1X13MUOs1dNslrVxxkRsyoAwXd7fUaGF08eP4l1js9Htuduq1yTkvR4P6Kygpyd7Ug==",
      "cpu": [
        "x64",
        "arm64"
      ],
      "dev": true,
      "hasInstallScript": true,
      "license": "MIT",
      "os": [
        "darwin",
        "linux",
        "win32"
      ],
      "bin": {
        "higgs": "bin/higgs.js",
        "higgsfield": "bin/higgsfield.js"
      },
      "engines": {
        "node": ">=14"
      }
    },
    "node_modules/@monid-ai/cli": {
      "version": "0.1.7",
      "resolved": "https://registry.npmjs.org/@monid-ai/cli/-/cli-0.1.7.tgz",
      "integrity": "sha512-ExBDCMEavydx7O7Nqcjo25sWvHoxCbM+TuluzfM4pKvQtZfCpzSI+zuUDcMCCdeglvPbxLu/tDCNmdUG/7pcUw==",
      "dev": true,
      "license": "MIT",
      "bin": {
        "monid": "dist/index.js"
      },
      "engines": {
        "node": ">=20"
      }
    }
  }
}
